// !$*UTF8*$!
{
	archiveVersion = 1;
	classes = {
	};
	objectVersion = 56;
	objects = {

/* Begin PBXBuildFile section */
		9B0A282128E1805700D31D8C /* landmarkData.json in Resources */ = {isa = PBXBuildFile; fileRef = 9B0A282028E1805700D31D8C /* landmarkData.json */; };
		9B0A282328E180A700D31D8C /* Landmark.swift in Sources */ = {isa = PBXBuildFile; fileRef = 9B0A282228E180A700D31D8C /* Landmark.swift */; };
		9B0A282528E1830500D31D8C /* ModelData.swift in Sources */ = {isa = PBXBuildFile; fileRef = 9B0A282428E1830500D31D8C /* ModelData.swift */; };
		9B0A282C28E1853C00D31D8C /* LandmarkRow.swift in Sources */ = {isa = PBXBuildFile; fileRef = 9B0A282B28E1853C00D31D8C /* LandmarkRow.swift */; };
		9B0A282E28E1884200D31D8C /* LandmarkList.swift in Sources */ = {isa = PBXBuildFile; fileRef = 9B0A282D28E1884200D31D8C /* LandmarkList.swift */; };
		9B0A283028E18AE000D31D8C /* landmarkDetail.swift in Sources */ = {isa = PBXBuildFile; fileRef = 9B0A282F28E18AE000D31D8C /* landmarkDetail.swift */; };
		9B65CC3C28E027EC00CBA226 /* LankMarkApp.swift in Sources */ = {isa = PBXBuildFile; fileRef = 9B65CC3B28E027EC00CBA226 /* LankMarkApp.swift */; };
		9B65CC3E28E027EC00CBA226 /* ContentView.swift in Sources */ = {isa = PBXBuildFile; fileRef = 9B65CC3D28E027EC00CBA226 /* ContentView.swift */; };
		9B65CC4028E027ED00CBA226 /* Assets.xcassets in Resources */ = {isa = PBXBuildFile; fileRef = 9B65CC3F28E027ED00CBA226 /* Assets.xcassets */; };
		9B65CC4328E027ED00CBA226 /* Preview Assets.xcassets in Resources */ = {isa = PBXBuildFile; fileRef = 9B65CC4228E027ED00CBA226 /* Preview Assets.xcassets */; };
		9B65CC4528E027ED00CBA226 /* Persistence.swift in Sources */ = {isa = PBXBuildFile; fileRef = 9B65CC4428E027ED00CBA226 /* Persistence.swift */; };
		9B65CC4828E027ED00CBA226 /* LankMark.xcdatamodeld in Sources */ = {isa = PBXBuildFile; fileRef = 9B65CC4628E027ED00CBA226 /* LankMark.xcdatamodeld */; };
		9B65CC5228E027ED00CBA226 /* LankMarkTests.swift in Sources */ = {isa = PBXBuildFile; fileRef = 9B65CC5128E027ED00CBA226 /* LankMarkTests.swift */; };
		9B65CC5C28E027ED00CBA226 /* LankMarkUITests.swift in Sources */ = {isa = PBXBuildFile; fileRef = 9B65CC5B28E027ED00CBA226 /* LankMarkUITests.swift */; };
		9B65CC5E28E027ED00CBA226 /* LankMarkUITestsLaunchTests.swift in Sources */ = {isa = PBXBuildFile; fileRef = 9B65CC5D28E027ED00CBA226 /* LankMarkUITestsLaunchTests.swift */; };
		9B65CC6F28E031EE00CBA226 /* CircleImage.swift in Sources */ = {isa = PBXBuildFile; fileRef = 9B65CC6E28E031EE00CBA226 /* CircleImage.swift */; };
		9B65CC7128E033D100CBA226 /* MapView.swift in Sources */ = {isa = PBXBuildFile; fileRef = 9B65CC7028E033D100CBA226 /* MapView.swift */; };
		9B7D9DC328E2E1F500CB380D /* FavoriteButton.swift in Sources */ = {isa = PBXBuildFile; fileRef = 9B7D9DC228E2E1F500CB380D /* FavoriteButton.swift */; };
		9BB9ACA628E6D61600B3CD2E /* BadgeSymbol.swift in Sources */ = {isa = PBXBuildFile; fileRef = 9BB9ACA528E6D61600B3CD2E /* BadgeSymbol.swift */; };
		9BB9ACA928E6DA7F00B3CD2E /* RotatedBedgeSymbol.swift in Sources */ = {isa = PBXBuildFile; fileRef = 9BB9ACA828E6DA7F00B3CD2E /* RotatedBedgeSymbol.swift */; };
		9BB9ACAB28E6DB6200B3CD2E /* Badge.swift in Sources */ = {isa = PBXBuildFile; fileRef = 9BB9ACAA28E6DB6200B3CD2E /* Badge.swift */; };
		9BBEC8BA28E586AB00902662 /* HexagonParameters.swift in Sources */ = {isa = PBXBuildFile; fileRef = 9BBEC8B928E586AB00902662 /* HexagonParameters.swift */; };
		9BBEC8BC28E589FE00902662 /* BadgeBackGround.swift in Sources */ = {isa = PBXBuildFile; fileRef = 9BBEC8BB28E589FE00902662 /* BadgeBackGround.swift */; };
/* End PBXBuildFile section */

/* Begin PBXContainerItemProxy section */
		9B65CC4E28E027ED00CBA226 /* PBXContainerItemProxy */ = {
			isa = PBXContainerItemProxy;
			containerPortal = 9B65CC3028E027EC00CBA226 /* Project object */;
			proxyType = 1;
			remoteGlobalIDString = 9B65CC3728E027EC00CBA226;
			remoteInfo = LankMark;
		};
		9B65CC5828E027ED00CBA226 /* PBXContainerItemProxy */ = {
			isa = PBXContainerItemProxy;
			containerPortal = 9B65CC3028E027EC00CBA226 /* Project object */;
			proxyType = 1;
			remoteGlobalIDString = 9B65CC3728E027EC00CBA226;
			remoteInfo = LankMark;
		};
/* End PBXContainerItemProxy section */

/* Begin PBXFileReference section */
		9B0A282028E1805700D31D8C /* landmarkData.json */ = {isa = PBXFileReference; fileEncoding = 4; lastKnownFileType = text.json; path = landmarkData.json; sourceTree = "<group>"; };
		9B0A282228E180A700D31D8C /* Landmark.swift */ = {isa = PBXFileReference; lastKnownFileType = sourcecode.swift; path = Landmark.swift; sourceTree = "<group>"; };
		9B0A282428E1830500D31D8C /* ModelData.swift */ = {isa = PBXFileReference; lastKnownFileType = sourcecode.swift; path = ModelData.swift; sourceTree = "<group>"; };
		9B0A282B28E1853C00D31D8C /* LandmarkRow.swift */ = {isa = PBXFileReference; lastKnownFileType = sourcecode.swift; path = LandmarkRow.swift; sourceTree = "<group>"; };
		9B0A282D28E1884200D31D8C /* LandmarkList.swift */ = {isa = PBXFileReference; lastKnownFileType = sourcecode.swift; path = LandmarkList.swift; sourceTree = "<group>"; };
		9B0A282F28E18AE000D31D8C /* landmarkDetail.swift */ = {isa = PBXFileReference; lastKnownFileType = sourcecode.swift; path = landmarkDetail.swift; sourceTree = "<group>"; };
		9B65CC3828E027EC00CBA226 /* LankMark.app */ = {isa = PBXFileReference; explicitFileType = wrapper.application; includeInIndex = 0; path = LankMark.app; sourceTree = BUILT_PRODUCTS_DIR; };
		9B65CC3B28E027EC00CBA226 /* LankMarkApp.swift */ = {isa = PBXFileReference; lastKnownFileType = sourcecode.swift; path = LankMarkApp.swift; sourceTree = "<group>"; };
		9B65CC3D28E027EC00CBA226 /* ContentView.swift */ = {isa = PBXFileReference; lastKnownFileType = sourcecode.swift; path = ContentView.swift; sourceTree = "<group>"; usesTabs = 0; };
		9B65CC3F28E027ED00CBA226 /* Assets.xcassets */ = {isa = PBXFileReference; lastKnownFileType = folder.assetcatalog; path = Assets.xcassets; sourceTree = "<group>"; };
		9B65CC4228E027ED00CBA226 /* Preview Assets.xcassets */ = {isa = PBXFileReference; lastKnownFileType = folder.assetcatalog; path = "Preview Assets.xcassets"; sourceTree = "<group>"; };
		9B65CC4428E027ED00CBA226 /* Persistence.swift */ = {isa = PBXFileReference; lastKnownFileType = sourcecode.swift; path = Persistence.swift; sourceTree = "<group>"; };
		9B65CC4728E027ED00CBA226 /* LankMark.xcdatamodel */ = {isa = PBXFileReference; lastKnownFileType = wrapper.xcdatamodel; path = LankMark.xcdatamodel; sourceTree = "<group>"; };
		9B65CC4D28E027ED00CBA226 /* LankMarkTests.xctest */ = {isa = PBXFileReference; explicitFileType = wrapper.cfbundle; includeInIndex = 0; path = LankMarkTests.xctest; sourceTree = BUILT_PRODUCTS_DIR; };
		9B65CC5128E027ED00CBA226 /* LankMarkTests.swift */ = {isa = PBXFileReference; lastKnownFileType = sourcecode.swift; path = LankMarkTests.swift; sourceTree = "<group>"; };
		9B65CC5728E027ED00CBA226 /* LankMarkUITests.xctest */ = {isa = PBXFileReference; explicitFileType = wrapper.cfbundle; includeInIndex = 0; path = LankMarkUITests.xctest; sourceTree = BUILT_PRODUCTS_DIR; };
		9B65CC5B28E027ED00CBA226 /* LankMarkUITests.swift */ = {isa = PBXFileReference; lastKnownFileType = sourcecode.swift; path = LankMarkUITests.swift; sourceTree = "<group>"; };
		9B65CC5D28E027ED00CBA226 /* LankMarkUITestsLaunchTests.swift */ = {isa = PBXFileReference; lastKnownFileType = sourcecode.swift; path = LankMarkUITestsLaunchTests.swift; sourceTree = "<group>"; };
		9B65CC6E28E031EE00CBA226 /* CircleImage.swift */ = {isa = PBXFileReference; lastKnownFileType = sourcecode.swift; path = CircleImage.swift; sourceTree = "<group>"; };
		9B65CC7028E033D100CBA226 /* MapView.swift */ = {isa = PBXFileReference; lastKnownFileType = sourcecode.swift; path = MapView.swift; sourceTree = "<group>"; };
		9B7D9DC228E2E1F500CB380D /* FavoriteButton.swift */ = {isa = PBXFileReference; lastKnownFileType = sourcecode.swift; path = FavoriteButton.swift; sourceTree = "<group>"; };
		9BB9ACA528E6D61600B3CD2E /* BadgeSymbol.swift */ = {isa = PBXFileReference; lastKnownFileType = sourcecode.swift; path = BadgeSymbol.swift; sourceTree = "<group>"; };
		9BB9ACA828E6DA7F00B3CD2E /* RotatedBedgeSymbol.swift */ = {isa = PBXFileReference; lastKnownFileType = sourcecode.swift; path = RotatedBedgeSymbol.swift; sourceTree = "<group>"; };
		9BB9ACAA28E6DB6200B3CD2E /* Badge.swift */ = {isa = PBXFileReference; lastKnownFileType = sourcecode.swift; path = Badge.swift; sourceTree = "<group>"; };
		9BBEC8B928E586AB00902662 /* HexagonParameters.swift */ = {isa = PBXFileReference; lastKnownFileType = sourcecode.swift; path = HexagonParameters.swift; sourceTree = "<group>"; };
		9BBEC8BB28E589FE00902662 /* BadgeBackGround.swift */ = {isa = PBXFileReference; lastKnownFileType = sourcecode.swift; path = BadgeBackGround.swift; sourceTree = "<group>"; };
/* End PBXFileReference section */

/* Begin PBXFrameworksBuildPhase section */
		9B65CC3528E027EC00CBA226 /* Frameworks */ = {
			isa = PBXFrameworksBuildPhase;
			buildActionMask = 2147483647;
			files = (
			);
			runOnlyForDeploymentPostprocessing = 0;
		};
		9B65CC4A28E027ED00CBA226 /* Frameworks */ = {
			isa = PBXFrameworksBuildPhase;
			buildActionMask = 2147483647;
			files = (
			);
			runOnlyForDeploymentPostprocessing = 0;
		};
		9B65CC5428E027ED00CBA226 /* Frameworks */ = {
			isa = PBXFrameworksBuildPhase;
			buildActionMask = 2147483647;
			files = (
			);
			runOnlyForDeploymentPostprocessing = 0;
		};
/* End PBXFrameworksBuildPhase section */

/* Begin PBXGroup section */
		9B0A282628E1842600D31D8C /* Views */ = {
			isa = PBXGroup;
			children = (
				9B65CC3D28E027EC00CBA226 /* ContentView.swift */,
				9B7D9DC528E2E3C800CB380D /* Helper */,
				9B7D9DC428E2E3B700CB380D /* Landmark */,
				9BB9ACA728E6D61D00B3CD2E /* Badge */,
			);
			path = Views;
			sourceTree = "<group>";
		};
		9B0A282728E1842D00D31D8C /* Model */ = {
			isa = PBXGroup;
			children = (
				9B0A282228E180A700D31D8C /* Landmark.swift */,
				9B0A282428E1830500D31D8C /* ModelData.swift */,
			);
			path = Model;
			sourceTree = "<group>";
		};
		9B0A282828E1843500D31D8C /* Resource */ = {
			isa = PBXGroup;
			children = (
				9B0A282028E1805700D31D8C /* landmarkData.json */,
			);
			path = Resource;
			sourceTree = "<group>";
		};
		9B65CC2F28E027EC00CBA226 = {
			isa = PBXGroup;
			children = (
				9B65CC3A28E027EC00CBA226 /* LankMark */,
				9B65CC5028E027ED00CBA226 /* LankMarkTests */,
				9B65CC5A28E027ED00CBA226 /* LankMarkUITests */,
				9B65CC3928E027EC00CBA226 /* Products */,
			);
			sourceTree = "<group>";
		};
		9B65CC3928E027EC00CBA226 /* Products */ = {
			isa = PBXGroup;
			children = (
				9B65CC3828E027EC00CBA226 /* LankMark.app */,
				9B65CC4D28E027ED00CBA226 /* LankMarkTests.xctest */,
				9B65CC5728E027ED00CBA226 /* LankMarkUITests.xctest */,
			);
			name = Products;
			sourceTree = "<group>";
		};
		9B65CC3A28E027EC00CBA226 /* LankMark */ = {
			isa = PBXGroup;
			children = (
				9B65CC3B28E027EC00CBA226 /* LankMarkApp.swift */,
				9B0A282728E1842D00D31D8C /* Model */,
				9B0A282628E1842600D31D8C /* Views */,
				9B0A282828E1843500D31D8C /* Resource */,
				9B65CC3F28E027ED00CBA226 /* Assets.xcassets */,
				9B65CC4428E027ED00CBA226 /* Persistence.swift */,
				9B65CC4628E027ED00CBA226 /* LankMark.xcdatamodeld */,
				9B65CC4128E027ED00CBA226 /* Preview Content */,
			);
			path = LankMark;
			sourceTree = "<group>";
		};
		9B65CC4128E027ED00CBA226 /* Preview Content */ = {
			isa = PBXGroup;
			children = (
				9B65CC4228E027ED00CBA226 /* Preview Assets.xcassets */,
			);
			path = "Preview Content";
			sourceTree = "<group>";
		};
		9B65CC5028E027ED00CBA226 /* LankMarkTests */ = {
			isa = PBXGroup;
			children = (
				9B65CC5128E027ED00CBA226 /* LankMarkTests.swift */,
			);
			path = LankMarkTests;
			sourceTree = "<group>";
		};
		9B65CC5A28E027ED00CBA226 /* LankMarkUITests */ = {
			isa = PBXGroup;
			children = (
				9B65CC5B28E027ED00CBA226 /* LankMarkUITests.swift */,
				9B65CC5D28E027ED00CBA226 /* LankMarkUITestsLaunchTests.swift */,
			);
			path = LankMarkUITests;
			sourceTree = "<group>";
		};
		9B7D9DC428E2E3B700CB380D /* Landmark */ = {
			isa = PBXGroup;
			children = (
				9B0A282B28E1853C00D31D8C /* LandmarkRow.swift */,
				9B0A282D28E1884200D31D8C /* LandmarkList.swift */,
				9B0A282F28E18AE000D31D8C /* landmarkDetail.swift */,
			);
			path = Landmark;
			sourceTree = "<group>";
		};
		9B7D9DC528E2E3C800CB380D /* Helper */ = {
			isa = PBXGroup;
			children = (
				9B65CC6E28E031EE00CBA226 /* CircleImage.swift */,
				9B65CC7028E033D100CBA226 /* MapView.swift */,
				9B7D9DC228E2E1F500CB380D /* FavoriteButton.swift */,
			);
			path = Helper;
			sourceTree = "<group>";
		};
		9BB9ACA728E6D61D00B3CD2E /* Badge */ = {
			isa = PBXGroup;
			children = (
				9BBEC8B928E586AB00902662 /* HexagonParameters.swift */,
				9BBEC8BB28E589FE00902662 /* BadgeBackGround.swift */,
				9BB9ACA528E6D61600B3CD2E /* BadgeSymbol.swift */,
				9BB9ACA828E6DA7F00B3CD2E /* RotatedBedgeSymbol.swift */,
				9BB9ACAA28E6DB6200B3CD2E /* Badge.swift */,
			);
			path = Badge;
			sourceTree = "<group>";
		};
/* End PBXGroup section */

/* Begin PBXNativeTarget section */
		9B65CC3728E027EC00CBA226 /* LankMark */ = {
			isa = PBXNativeTarget;
			buildConfigurationList = 9B65CC6128E027ED00CBA226 /* Build configuration list for PBXNativeTarget "LankMark" */;
			buildPhases = (
				9B65CC3428E027EC00CBA226 /* Sources */,
				9B65CC3528E027EC00CBA226 /* Frameworks */,
				9B65CC3628E027EC00CBA226 /* Resources */,
			);
			buildRules = (
			);
			dependencies = (
			);
			name = LankMark;
			productName = LankMark;
			productReference = 9B65CC3828E027EC00CBA226 /* LankMark.app */;
			productType = "com.apple.product-type.application";
		};
		9B65CC4C28E027ED00CBA226 /* LankMarkTests */ = {
			isa = PBXNativeTarget;
			buildConfigurationList = 9B65CC6428E027ED00CBA226 /* Build configuration list for PBXNativeTarget "LankMarkTests" */;
			buildPhases = (
				9B65CC4928E027ED00CBA226 /* Sources */,
				9B65CC4A28E027ED00CBA226 /* Frameworks */,
				9B65CC4B28E027ED00CBA226 /* Resources */,
			);
			buildRules = (
			);
			dependencies = (
				9B65CC4F28E027ED00CBA226 /* PBXTargetDependency */,
			);
			name = LankMarkTests;
			productName = LankMarkTests;
			productReference = 9B65CC4D28E027ED00CBA226 /* LankMarkTests.xctest */;
			productType = "com.apple.product-type.bundle.unit-test";
		};
		9B65CC5628E027ED00CBA226 /* LankMarkUITests */ = {
			isa = PBXNativeTarget;
			buildConfigurationList = 9B65CC6728E027ED00CBA226 /* Build configuration list for PBXNativeTarget "LankMarkUITests" */;
			buildPhases = (
				9B65CC5328E027ED00CBA226 /* Sources */,
				9B65CC5428E027ED00CBA226 /* Frameworks */,
				9B65CC5528E027ED00CBA226 /* Resources */,
			);
			buildRules = (
			);
			dependencies = (
				9B65CC5928E027ED00CBA226 /* PBXTargetDependency */,
			);
			name = LankMarkUITests;
			productName = LankMarkUITests;
			productReference = 9B65CC5728E027ED00CBA226 /* LankMarkUITests.xctest */;
			productType = "com.apple.product-type.bundle.ui-testing";
		};
/* End PBXNativeTarget section */

/* Begin PBXProject section */
		9B65CC3028E027EC00CBA226 /* Project object */ = {
			isa = PBXProject;
			attributes = {
				BuildIndependentTargetsInParallel = 1;
				LastSwiftUpdateCheck = 1400;
				LastUpgradeCheck = 1400;
				TargetAttributes = {
					9B65CC3728E027EC00CBA226 = {
						CreatedOnToolsVersion = 14.0;
					};
					9B65CC4C28E027ED00CBA226 = {
						CreatedOnToolsVersion = 14.0;
						TestTargetID = 9B65CC3728E027EC00CBA226;
					};
					9B65CC5628E027ED00CBA226 = {
						CreatedOnToolsVersion = 14.0;
						TestTargetID = 9B65CC3728E027EC00CBA226;
					};
				};
			};
			buildConfigurationList = 9B65CC3328E027EC00CBA226 /* Build configuration list for PBXProject "LankMark" */;
			compatibilityVersion = "Xcode 14.0";
			developmentRegion = en;
			hasScannedForEncodings = 0;
			knownRegions = (
				en,
				Base,
			);
			mainGroup = 9B65CC2F28E027EC00CBA226;
			productRefGroup = 9B65CC3928E027EC00CBA226 /* Products */;
			projectDirPath = "";
			projectRoot = "";
			targets = (
				9B65CC3728E027EC00CBA226 /* LankMark */,
				9B65CC4C28E027ED00CBA226 /* LankMarkTests */,
				9B65CC5628E027ED00CBA226 /* LankMarkUITests */,
			);
		};
/* End PBXProject section */

/* Begin PBXResourcesBuildPhase section */
		9B65CC3628E027EC00CBA226 /* Resources */ = {
			isa = PBXResourcesBuildPhase;
			buildActionMask = 2147483647;
			files = (
				9B65CC4328E027ED00CBA226 /* Preview Assets.xcassets in Resources */,
				9B65CC4028E027ED00CBA226 /* Assets.xcassets in Resources */,
				9B0A282128E1805700D31D8C /* landmarkData.json in Resources */,
			);
			runOnlyForDeploymentPostprocessing = 0;
		};
		9B65CC4B28E027ED00CBA226 /* Resources */ = {
			isa = PBXResourcesBuildPhase;
			buildActionMask = 2147483647;
			files = (
			);
			runOnlyForDeploymentPostprocessing = 0;
		};
		9B65CC5528E027ED00CBA226 /* Resources */ = {
			isa = PBXResourcesBuildPhase;
			buildActionMask = 2147483647;
			files = (
			);
			runOnlyForDeploymentPostprocessing = 0;
		};
/* End PBXResourcesBuildPhase section */

/* Begin PBXSourcesBuildPhase section */
		9B65CC3428E027EC00CBA226 /* Sources */ = {
			isa = PBXSourcesBuildPhase;
			buildActionMask = 2147483647;
			files = (
				9B0A282328E180A700D31D8C /* Landmark.swift in Sources */,
				9BB9ACAB28E6DB6200B3CD2E /* Badge.swift in Sources */,
				9B65CC4528E027ED00CBA226 /* Persistence.swift in Sources */,
				9B65CC7128E033D100CBA226 /* MapView.swift in Sources */,
				9BB9ACA928E6DA7F00B3CD2E /* RotatedBedgeSymbol.swift in Sources */,
				9B7D9DC328E2E1F500CB380D /* FavoriteButton.swift in Sources */,
				9B65CC3E28E027EC00CBA226 /* ContentView.swift in Sources */,
				9B65CC4828E027ED00CBA226 /* LankMark.xcdatamodeld in Sources */,
				9B0A282528E1830500D31D8C /* ModelData.swift in Sources */,
				9B65CC3C28E027EC00CBA226 /* LankMarkApp.swift in Sources */,
				9BB9ACA628E6D61600B3CD2E /* BadgeSymbol.swift in Sources */,
				9B65CC6F28E031EE00CBA226 /* CircleImage.swift in Sources */,
				9BBEC8BC28E589FE00902662 /* BadgeBackGround.swift in Sources */,
				9BBEC8BA28E586AB00902662 /* HexagonParameters.swift in Sources */,
				9B0A282C28E1853C00D31D8C /* LandmarkRow.swift in Sources */,
				9B0A282E28E1884200D31D8C /* LandmarkList.swift in Sources */,
				9B0A283028E18AE000D31D8C /* landmarkDetail.swift in Sources */,
			);
			runOnlyForDeploymentPostprocessing = 0;
		};
		9B65CC4928E027ED00CBA226 /* Sources */ = {
			isa = PBXSourcesBuildPhase;
			buildActionMask = 2147483647;
			files = (
				9B65CC5228E027ED00CBA226 /* LankMarkTests.swift in Sources */,
			);
			runOnlyForDeploymentPostprocessing = 0;
		};
		9B65CC5328E027ED00CBA226 /* Sources */ = {
			isa = PBXSourcesBuildPhase;
			buildActionMask = 2147483647;
			files = (
				9B65CC5E28E027ED00CBA226 /* LankMarkUITestsLaunchTests.swift in Sources */,
				9B65CC5C28E027ED00CBA226 /* LankMarkUITests.swift in Sources */,
			);
			runOnlyForDeploymentPostprocessing = 0;
		};
/* End PBXSourcesBuildPhase section */

/* Begin PBXTargetDependency section */
		9B65CC4F28E027ED00CBA226 /* PBXTargetDependency */ = {
			isa = PBXTargetDependency;
			target = 9B65CC3728E027EC00CBA226 /* LankMark */;
			targetProxy = 9B65CC4E28E027ED00CBA226 /* PBXContainerItemProxy */;
		};
		9B65CC5928E027ED00CBA226 /* PBXTargetDependency */ = {
			isa = PBXTargetDependency;
			target = 9B65CC3728E027EC00CBA226 /* LankMark */;
			targetProxy = 9B65CC5828E027ED00CBA226 /* PBXContainerItemProxy */;
		};
/* End PBXTargetDependency section */

/* Begin XCBuildConfiguration section */
		9B65CC5F28E027ED00CBA226 /* Debug */ = {
			isa = XCBuildConfiguration;
			buildSettings = {
				ALWAYS_SEARCH_USER_PATHS = NO;
				CLANG_ANALYZER_NONNULL = YES;
				CLANG_ANALYZER_NUMBER_OBJECT_CONVERSION = YES_AGGRESSIVE;
				CLANG_CXX_LANGUAGE_STANDARD = "gnu++20";
				CLANG_ENABLE_MODULES = YES;
				CLANG_ENABLE_OBJC_ARC = YES;
				CLANG_ENABLE_OBJC_WEAK = YES;
				CLANG_WARN_BLOCK_CAPTURE_AUTORELEASING = YES;
				CLANG_WARN_BOOL_CONVERSION = YES;
				CLANG_WARN_COMMA = YES;
				CLANG_WARN_CONSTANT_CONVERSION = YES;
				CLANG_WARN_DEPRECATED_OBJC_IMPLEMENTATIONS = YES;
				CLANG_WARN_DIRECT_OBJC_ISA_USAGE = YES_ERROR;
				CLANG_WARN_DOCUMENTATION_COMMENTS = YES;
				CLANG_WARN_EMPTY_BODY = YES;
				CLANG_WARN_ENUM_CONVERSION = YES;
				CLANG_WARN_INFINITE_RECURSION = YES;
				CLANG_WARN_INT_CONVERSION = YES;
				CLANG_WARN_NON_LITERAL_NULL_CONVERSION = YES;
				CLANG_WARN_OBJC_IMPLICIT_RETAIN_SELF = YES;
				CLANG_WARN_OBJC_LITERAL_CONVERSION = YES;
				CLANG_WARN_OBJC_ROOT_CLASS = YES_ERROR;
				CLANG_WARN_QUOTED_INCLUDE_IN_FRAMEWORK_HEADER = YES;
				CLANG_WARN_RANGE_LOOP_ANALYSIS = YES;
				CLANG_WARN_STRICT_PROTOTYPES = YES;
				CLANG_WARN_SUSPICIOUS_MOVE = YES;
				CLANG_WARN_UNGUARDED_AVAILABILITY = YES_AGGRESSIVE;
				CLANG_WARN_UNREACHABLE_CODE = YES;
				CLANG_WARN__DUPLICATE_METHOD_MATCH = YES;
				COPY_PHASE_STRIP = NO;
				DEBUG_INFORMATION_FORMAT = dwarf;
				ENABLE_STRICT_OBJC_MSGSEND = YES;
				ENABLE_TESTABILITY = YES;
				GCC_C_LANGUAGE_STANDARD = gnu11;
				GCC_DYNAMIC_NO_PIC = NO;
				GCC_NO_COMMON_BLOCKS = YES;
				GCC_OPTIMIZATION_LEVEL = 0;
				GCC_PREPROCESSOR_DEFINITIONS = (
					"DEBUG=1",
					"$(inherited)",
				);
				GCC_WARN_64_TO_32_BIT_CONVERSION = YES;
				GCC_WARN_ABOUT_RETURN_TYPE = YES_ERROR;
				GCC_WARN_UNDECLARED_SELECTOR = YES;
				GCC_WARN_UNINITIALIZED_AUTOS = YES_AGGRESSIVE;
				GCC_WARN_UNUSED_FUNCTION = YES;
				GCC_WARN_UNUSED_VARIABLE = YES;
				IPHONEOS_DEPLOYMENT_TARGET = 16.0;
				MTL_ENABLE_DEBUG_INFO = INCLUDE_SOURCE;
				MTL_FAST_MATH = YES;
				ONLY_ACTIVE_ARCH = YES;
				SDKROOT = iphoneos;
				SWIFT_ACTIVE_COMPILATION_CONDITIONS = DEBUG;
				SWIFT_OPTIMIZATION_LEVEL = "-Onone";
			};
			name = Debug;
		};
		9B65CC6028E027ED00CBA226 /* Release */ = {
			isa = XCBuildConfiguration;
			buildSettings = {
				ALWAYS_SEARCH_USER_PATHS = NO;
				CLANG_ANALYZER_NONNULL = YES;
				CLANG_ANALYZER_NUMBER_OBJECT_CONVERSION = YES_AGGRESSIVE;
				CLANG_CXX_LANGUAGE_STANDARD = "gnu++20";
				CLANG_ENABLE_MODULES = YES;
				CLANG_ENABLE_OBJC_ARC = YES;
				CLANG_ENABLE_OBJC_WEAK = YES;
				CLANG_WARN_BLOCK_CAPTURE_AUTORELEASING = YES;
				CLANG_WARN_BOOL_CONVERSION = YES;
				CLANG_WARN_COMMA = YES;
				CLANG_WARN_CONSTANT_CONVERSION = YES;
				CLANG_WARN_DEPRECATED_OBJC_IMPLEMENTATIONS = YES;
				CLANG_WARN_DIRECT_OBJC_ISA_USAGE = YES_ERROR;
				CLANG_WARN_DOCUMENTATION_COMMENTS = YES;
				CLANG_WARN_EMPTY_BODY = YES;
				CLANG_WARN_ENUM_CONVERSION = YES;
				CLANG_WARN_INFINITE_RECURSION = YES;
				CLANG_WARN_INT_CONVERSION = YES;
				CLANG_WARN_NON_LITERAL_NULL_CONVERSION = YES;
				CLANG_WARN_OBJC_IMPLICIT_RETAIN_SELF = YES;
				CLANG_WARN_OBJC_LITERAL_CONVERSION = YES;
				CLANG_WARN_OBJC_ROOT_CLASS = YES_ERROR;
				CLANG_WARN_QUOTED_INCLUDE_IN_FRAMEWORK_HEADER = YES;
				CLANG_WARN_RANGE_LOOP_ANALYSIS = YES;
				CLANG_WARN_STRICT_PROTOTYPES = YES;
				CLANG_WARN_SUSPICIOUS_MOVE = YES;
				CLANG_WARN_UNGUARDED_AVAILABILITY = YES_AGGRESSIVE;
				CLANG_WARN_UNREACHABLE_CODE = YES;
				CLANG_WARN__DUPLICATE_METHOD_MATCH = YES;
				COPY_PHASE_STRIP = NO;
				DEBUG_INFORMATION_FORMAT = "dwarf-with-dsym";
				ENABLE_NS_ASSERTIONS = NO;
				ENABLE_STRICT_OBJC_MSGSEND = YES;
				GCC_C_LANGUAGE_STANDARD = gnu11;
				GCC_NO_COMMON_BLOCKS = YES;
				GCC_WARN_64_TO_32_BIT_CONVERSION = YES;
				GCC_WARN_ABOUT_RETURN_TYPE = YES_ERROR;
				GCC_WARN_UNDECLARED_SELECTOR = YES;
				GCC_WARN_UNINITIALIZED_AUTOS = YES_AGGRESSIVE;
				GCC_WARN_UNUSED_FUNCTION = YES;
				GCC_WARN_UNUSED_VARIABLE = YES;
				IPHONEOS_DEPLOYMENT_TARGET = 16.0;
				MTL_ENABLE_DEBUG_INFO = NO;
				MTL_FAST_MATH = YES;
				SDKROOT = iphoneos;
				SWIFT_COMPILATION_MODE = wholemodule;
				SWIFT_OPTIMIZATION_LEVEL = "-O";
				VALIDATE_PRODUCT = YES;
			};
			name = Release;
		};
		9B65CC6228E027ED00CBA226 /* Debug */ = {
			isa = XCBuildConfiguration;
			buildSettings = {
				ASSETCATALOG_COMPILER_APPICON_NAME = AppIcon;
				ASSETCATALOG_COMPILER_GLOBAL_ACCENT_COLOR_NAME = AccentColor;
				CODE_SIGN_STYLE = Automatic;
				CURRENT_PROJECT_VERSION = 1;
				DEVELOPMENT_ASSET_PATHS = "\"LankMark/Preview Content\"";
				ENABLE_PREVIEWS = YES;
				GENERATE_INFOPLIST_FILE = YES;
				INFOPLIST_KEY_UIApplicationSceneManifest_Generation = YES;
				INFOPLIST_KEY_UIApplicationSupportsIndirectInputEvents = YES;
				INFOPLIST_KEY_UILaunchScreen_Generation = YES;
				INFOPLIST_KEY_UISupportedInterfaceOrientations_iPad = "UIInterfaceOrientationPortrait UIInterfaceOrientationPortraitUpsideDown UIInterfaceOrientationLandscapeLeft UIInterfaceOrientationLandscapeRight";
				INFOPLIST_KEY_UISupportedInterfaceOrientations_iPhone = "UIInterfaceOrientationPortrait UIInterfaceOrientationLandscapeLeft UIInterfaceOrientationLandscapeRight";
				LD_RUNPATH_SEARCH_PATHS = (
					"$(inherited)",
					"@executable_path/Frameworks",
				);
				MARKETING_VERSION = 1.0;
				PRODUCT_BUNDLE_IDENTIFIER = choijunyeong.LankMark;
				PRODUCT_NAME = "$(TARGET_NAME)";
				SWIFT_EMIT_LOC_STRINGS = YES;
				SWIFT_VERSION = 5.0;
				TARGETED_DEVICE_FAMILY = "1,2";
			};
			name = Debug;
		};
		9B65CC6328E027ED00CBA226 /* Release */ = {
			isa = XCBuildConfiguration;
			buildSettings = {
				ASSETCATALOG_COMPILER_APPICON_NAME = AppIcon;
				ASSETCATALOG_COMPILER_GLOBAL_ACCENT_COLOR_NAME = AccentColor;
				CODE_SIGN_STYLE = Automatic;
				CURRENT_PROJECT_VERSION = 1;
				DEVELOPMENT_ASSET_PATHS = "\"LankMark/Preview Content\"";
				ENABLE_PREVIEWS = YES;
				GENERATE_INFOPLIST_FILE = YES;
				INFOPLIST_KEY_UIApplicationSceneManifest_Generation = YES;
				INFOPLIST_KEY_UIApplicationSupportsIndirectInputEvents = YES;
				INFOPLIST_KEY_UILaunchScreen_Generation = YES;
				INFOPLIST_KEY_UISupportedInterfaceOrientations_iPad = "UIInterfaceOrientationPortrait UIInterfaceOrientationPortraitUpsideDown UIInterfaceOrientationLandscapeLeft UIInterfaceOrientationLandscapeRight";
				INFOPLIST_KEY_UISupportedInterfaceOrientations_iPhone = "UIInterfaceOrientationPortrait UIInterfaceOrientationLandscapeLeft UIInterfaceOrientationLandscapeRight";
				LD_RUNPATH_SEARCH_PATHS = (
					"$(inherited)",
					"@executable_path/Frameworks",
				);
				MARKETING_VERSION = 1.0;
				PRODUCT_BUNDLE_IDENTIFIER = choijunyeong.LankMark;
				PRODUCT_NAME = "$(TARGET_NAME)";
				SWIFT_EMIT_LOC_STRINGS = YES;
				SWIFT_VERSION = 5.0;
				TARGETED_DEVICE_FAMILY = "1,2";
			};
			name = Release;
		};
		9B65CC6528E027ED00CBA226 /* Debug */ = {
			isa = XCBuildConfiguration;
			buildSettings = {
				ALWAYS_EMBED_SWIFT_STANDARD_LIBRARIES = YES;
				BUNDLE_LOADER = "$(TEST_HOST)";
				CODE_SIGN_STYLE = Automatic;
				CURRENT_PROJECT_VERSION = 1;
				GENERATE_INFOPLIST_FILE = YES;
				IPHONEOS_DEPLOYMENT_TARGET = 16.0;
				MARKETING_VERSION = 1.0;
				PRODUCT_BUNDLE_IDENTIFIER = choijunyeong.LankMarkTests;
				PRODUCT_NAME = "$(TARGET_NAME)";
				SWIFT_EMIT_LOC_STRINGS = NO;
				SWIFT_VERSION = 5.0;
				TARGETED_DEVICE_FAMILY = "1,2";
				TEST_HOST = "$(BUILT_PRODUCTS_DIR)/LankMark.app/$(BUNDLE_EXECUTABLE_FOLDER_PATH)/LankMark";
			};
			name = Debug;
		};
		9B65CC6628E027ED00CBA226 /* Release */ = {
			isa = XCBuildConfiguration;
			buildSettings = {
				ALWAYS_EMBED_SWIFT_STANDARD_LIBRARIES = YES;
				BUNDLE_LOADER = "$(TEST_HOST)";
				CODE_SIGN_STYLE = Automatic;
				CURRENT_PROJECT_VERSION = 1;
				GENERATE_INFOPLIST_FILE = YES;
				IPHONEOS_DEPLOYMENT_TARGET = 16.0;
				MARKETING_VERSION = 1.0;
				PRODUCT_BUNDLE_IDENTIFIER = choijunyeong.LankMarkTests;
				PRODUCT_NAME = "$(TARGET_NAME)";
				SWIFT_EMIT_LOC_STRINGS = NO;
				SWIFT_VERSION = 5.0;
				TARGETED_DEVICE_FAMILY = "1,2";
				TEST_HOST = "$(BUILT_PRODUCTS_DIR)/LankMark.app/$(BUNDLE_EXECUTABLE_FOLDER_PATH)/LankMark";
			};
			name = Release;
		};
		9B65CC6828E027ED00CBA226 /* Debug */ = {
			isa = XCBuildConfiguration;
			buildSettings = {
				ALWAYS_EMBED_SWIFT_STANDARD_LIBRARIES = YES;
				CODE_SIGN_STYLE = Automatic;
				CURRENT_PROJECT_VERSION = 1;
				GENERATE_INFOPLIST_FILE = YES;
				MARKETING_VERSION = 1.0;
				PRODUCT_BUNDLE_IDENTIFIER = choijunyeong.LankMarkUITests;
				PRODUCT_NAME = "$(TARGET_NAME)";
				SWIFT_EMIT_LOC_STRINGS = NO;
				SWIFT_VERSION = 5.0;
				TARGETED_DEVICE_FAMILY = "1,2";
				TEST_TARGET_NAME = LankMark;
			};
			name = Debug;
		};
		9B65CC6928E027ED00CBA226 /* Release */ = {
			isa = XCBuildConfiguration;
			buildSettings = {
				ALWAYS_EMBED_SWIFT_STANDARD_LIBRARIES = YES;
				CODE_SIGN_STYLE = Automatic;
				CURRENT_PROJECT_VERSION = 1;
				GENERATE_INFOPLIST_FILE = YES;
				MARKETING_VERSION = 1.0;
				PRODUCT_BUNDLE_IDENTIFIER = choijunyeong.LankMarkUITests;
				PRODUCT_NAME = "$(TARGET_NAME)";
				SWIFT_EMIT_LOC_STRINGS = NO;
				SWIFT_VERSION = 5.0;
				TARGETED_DEVICE_FAMILY = "1,2";
				TEST_TARGET_NAME = LankMark;
			};
			name = Release;
		};
/* End XCBuildConfiguration section */

/* Begin XCConfigurationList section */
		9B65CC3328E027EC00CBA226 /* Build configuration list for PBXProject "LankMark" */ = {
			isa = XCConfigurationList;
			buildConfigurations = (
				9B65CC5F28E027ED00CBA226 /* Debug */,
				9B65CC6028E027ED00CBA226 /* Release */,
			);
			defaultConfigurationIsVisible = 0;
			defaultConfigurationName = Release;
		};
		9B65CC6128E027ED00CBA226 /* Build configuration list for PBXNativeTarget "LankMark" */ = {
			isa = XCConfigurationList;
			buildConfigurations = (
				9B65CC6228E027ED00CBA226 /* Debug */,
				9B65CC6328E027ED00CBA226 /* Release */,
			);
			defaultConfigurationIsVisible = 0;
			defaultConfigurationName = Release;
		};
		9B65CC6428E027ED00CBA226 /* Build configuration list for PBXNativeTarget "LankMarkTests" */ = {
			isa = XCConfigurationList;
			buildConfigurations = (
				9B65CC6528E027ED00CBA226 /* Debug */,
				9B65CC6628E027ED00CBA226 /* Release */,
			);
			defaultConfigurationIsVisible = 0;
			defaultConfigurationName = Release;
		};
		9B65CC6728E027ED00CBA226 /* Build configuration list for PBXNativeTarget "LankMarkUITests" */ = {
			isa = XCConfigurationList;
			buildConfigurations = (
				9B65CC6828E027ED00CBA226 /* Debug */,
				9B65CC6928E027ED00CBA226 /* Release */,
			);
			defaultConfigurationIsVisible = 0;
			defaultConfigurationName = Release;
		};
/* End XCConfigurationList section */

/* Begin XCVersionGroup section */
		9B65CC4628E027ED00CBA226 /* LankMark.xcdatamodeld */ = {
			isa = XCVersionGroup;
			children = (
				9B65CC4728E027ED00CBA226 /* LankMark.xcdatamodel */,
			);
			currentVersion = 9B65CC4728E027ED00CBA226 /* LankMark.xcdatamodel */;
			path = LankMark.xcdatamodeld;
			sourceTree = "<group>";
			versionGroupType = wrapper.xcdatamodel;
		};
/* End XCVersionGroup section */
	};
	rootObject = 9B65CC3028E027EC00CBA226 /* Project object */;
}
